github.com/hybridgroup/mjpeg v0.0.0-20250330094202-16d243df0e35 h1:bTJxSThEisMQhK+VQUaHK72RqcUr6hXzYtRnuJByiQo=
github.com/hybridgroup/mjpeg v0.0.0-20250330094202-16d243df0e35/go.mod h1:GAKUz9knlg+UB2oaCqgLTlWdsuVlf7ieJGt+oZzL4eY=
github.com/lib/pq v1.12.3 h1:tTWxr2YLKwIvK90ZXEw8GP7UFHtcbTtty8zsI+YjrfQ=
github.com/lib/pq v1.12.3/go.mod h1:/p+8NSbOcwzAEI7wiMXFlgydTwcgTr3OSKMsD2BitpA=
gocv.io/x/gocv v0.43.0 h1:PFNpRUcV8fgBRDbVHHN+4BDZjjPnVveo5N/+e15BTuA=
gocv.io/x/gocv v0.43.0/go.mod h1:zYdWMj29WAEznM3Y8NsU3A0TRq/wR/cy75jeUypThqU=
